speakeasyVersion: 1.761.9
sources:
    merge-code-samples-into-spec:
        sourceNamespace: merge-code-samples-into-spec
        sourceRevisionDigest: sha256:dfe5e50384ffe468d534f0faf845ff05369bc48c7ab7170c73a8aea19938af5a
        sourceBlobDigest: sha256:653b134773dfe92248280290f3c1692328aa402f4eabfe74705df8610ba0cc62
        tags:
            - latest
            - 1.1.1
targets: {}
workflow:
    workflowVersion: 1.0.0
    speakeasyVersion: latest
    sources:
        merge-code-samples-into-spec:
            inputs:
                - location: registry.speakeasyapi.dev/plexapi/plexapi/plexapi:main
            overlays:
                - location: ./mintlify-overlay.yaml
                - location: registry.speakeasyapi.dev/plexapi/plexapi/code-samples-php-plexphp:main
                - location: registry.speakeasyapi.dev/plexapi/plexapi/code-samples-ruby-plexruby:main
                - location: registry.speakeasyapi.dev/plexapi/plexapi/code-samples-go-plexgo:main
                - location: registry.speakeasyapi.dev/plexapi/plexapi/code-samples-java-plexjava:main
                - location: registry.speakeasyapi.dev/plexapi/plexapi/code-samples-typescript-plexjs:main
            output: ./openapi-with-code-samples.yaml
            registry:
                location: registry.speakeasyapi.dev/plexapi/plexapi/merge-code-samples-into-spec
    targets: {}
