speakeasyVersion: 1.759.3
sources:
    merge-code-samples-into-spec:
        sourceNamespace: merge-code-samples-into-spec
        sourceRevisionDigest: sha256:e1cb520e3d60dd18ad35824f286332b9c467cdf7cd1bfcc764a147aa2a917473
        sourceBlobDigest: sha256:724f5f64a641985db833f4dd343cc2d18a5a13966ad6de51bff6027068923062
        tags:
            - latest
            - 1.1.1
targets: {}
workflow:
    workflowVersion: 1.0.0
    speakeasyVersion: latest
    sources:
        merge-code-samples-into-spec:
            inputs:
                - location: registry.speakeasyapi.dev/plexapi/plexapi/plexapi:main
            overlays:
                - location: ./mintlify-overlay.yaml
                - location: registry.speakeasyapi.dev/plexapi/plexapi/code-samples-php-plexphp:main
                - location: registry.speakeasyapi.dev/plexapi/plexapi/code-samples-ruby-plexruby:main
                - location: registry.speakeasyapi.dev/plexapi/plexapi/code-samples-go-plexgo:main
                - location: registry.speakeasyapi.dev/plexapi/plexapi/code-samples-java-plexjava:main
                - location: registry.speakeasyapi.dev/plexapi/plexapi/code-samples-typescript-plexjs:main
            output: ./openapi-with-code-samples.yaml
            registry:
                location: registry.speakeasyapi.dev/plexapi/plexapi/merge-code-samples-into-spec
    targets: {}
